// !$*UTF8*$!
{
	archiveVersion = 1;
	classes = {
	};
	objectVersion = 50;
	objects = {

/* Begin PBXBuildFile section */
		CB83BCDE20ED7AA100AA67E1 /* AppDelegate.swift in Sources */ = {isa = PBXBuildFile; fileRef = CB83BCDD20ED7AA100AA67E1 /* AppDelegate.swift */; };
		CB83BCE020ED7AA100AA67E1 /* ViewController.swift in Sources */ = {isa = PBXBuildFile; fileRef = CB83BCDF20ED7AA100AA67E1 /* ViewController.swift */; };
		CB83BCE220ED7AA300AA67E1 /* Assets.xcassets in Resources */ = {isa = PBXBuildFile; fileRef = CB83BCE120ED7AA300AA67E1 /* Assets.xcassets */; };
		CB83BCE520ED7AA300AA67E1 /* Main.storyboard in Resources */ = {isa = PBXBuildFile; fileRef = CB83BCE320ED7AA300AA67E1 /* Main.storyboard */; };
		CB83BCF920ED7C8F00AA67E1 /* BoostBLEKit.framework in Frameworks */ = {isa = PBXBuildFile; fileRef = CB83BCF820ED7C8F00AA67E1 /* BoostBLEKit.framework */; };
		CB83BCFD20ED8AB300AA67E1 /* Data+HexString.swift in Sources */ = {isa = PBXBuildFile; fileRef = CB83BCFC20ED8AB300AA67E1 /* Data+HexString.swift */; };
/* End PBXBuildFile section */

/* Begin PBXFileReference section */
		CB83BCDA20ED7AA100AA67E1 /* BoostBLEKit-Showcase.app */ = {isa = PBXFileReference; explicitFileType = wrapper.application; includeInIndex = 0; path = "BoostBLEKit-Showcase.app"; sourceTree = BUILT_PRODUCTS_DIR; };
		CB83BCDD20ED7AA100AA67E1 /* AppDelegate.swift */ = {isa = PBXFileReference; lastKnownFileType = sourcecode.swift; path = AppDelegate.swift; sourceTree = "<group>"; };
		CB83BCDF20ED7AA100AA67E1 /* ViewController.swift */ = {isa = PBXFileReference; lastKnownFileType = sourcecode.swift; path = ViewController.swift; sourceTree = "<group>"; };
		CB83BCE120ED7AA300AA67E1 /* Assets.xcassets */ = {isa = PBXFileReference; lastKnownFileType = folder.assetcatalog; path = Assets.xcassets; sourceTree = "<group>"; };
		CB83BCE420ED7AA300AA67E1 /* Base */ = {isa = PBXFileReference; lastKnownFileType = file.storyboard; name = Base; path = Base.lproj/Main.storyboard; sourceTree = "<group>"; };
		CB83BCE620ED7AA300AA67E1 /* Info.plist */ = {isa = PBXFileReference; lastKnownFileType = text.plist.xml; path = Info.plist; sourceTree = "<group>"; };
		CB83BCF820ED7C8F00AA67E1 /* BoostBLEKit.framework */ = {isa = PBXFileReference; explicitFileType = wrapper.framework; path = BoostBLEKit.framework; sourceTree = BUILT_PRODUCTS_DIR; };
		CB83BCFA20ED829300AA67E1 /* BoostBLEKit-Showcase.entitlements */ = {isa = PBXFileReference; lastKnownFileType = text.plist.entitlements; path = "BoostBLEKit-Showcase.entitlements"; sourceTree = "<group>"; };
		CB83BCFC20ED8AB300AA67E1 /* Data+HexString.swift */ = {isa = PBXFileReference; fileEncoding = 4; lastKnownFileType = sourcecode.swift; path = "Data+HexString.swift"; sourceTree = "<group>"; };
/* End PBXFileReference section */

/* Begin PBXFrameworksBuildPhase section */
		CB83BCD720ED7AA100AA67E1 /* Frameworks */ = {
			isa = PBXFrameworksBuildPhase;
			buildActionMask = 2147483647;
			files = (
				CB83BCF920ED7C8F00AA67E1 /* BoostBLEKit.framework in Frameworks */,
			);
			runOnlyForDeploymentPostprocessing = 0;
		};
/* End PBXFrameworksBuildPhase section */

/* Begin PBXGroup section */
		CB83BCD120ED7AA100AA67E1 = {
			isa = PBXGroup;
			children = (
				CB83BCDC20ED7AA100AA67E1 /* BoostBLEKit-Showcase */,
				CB83BCDB20ED7AA100AA67E1 /* Products */,
				CB83BCF620ED7C6B00AA67E1 /* Frameworks */,
			);
			sourceTree = "<group>";
		};
		CB83BCDB20ED7AA100AA67E1 /* Products */ = {
			isa = PBXGroup;
			children = (
				CB83BCDA20ED7AA100AA67E1 /* BoostBLEKit-Showcase.app */,
			);
			name = Products;
			sourceTree = "<group>";
		};
		CB83BCDC20ED7AA100AA67E1 /* BoostBLEKit-Showcase */ = {
			isa = PBXGroup;
			children = (
				CB83BCDD20ED7AA100AA67E1 /* AppDelegate.swift */,
				CB83BCDF20ED7AA100AA67E1 /* ViewController.swift */,
				CB83BCFC20ED8AB300AA67E1 /* Data+HexString.swift */,
				CB83BCE120ED7AA300AA67E1 /* Assets.xcassets */,
				CB83BCE320ED7AA300AA67E1 /* Main.storyboard */,
				CB83BCE620ED7AA300AA67E1 /* Info.plist */,
				CB83BCFA20ED829300AA67E1 /* BoostBLEKit-Showcase.entitlements */,
			);
			path = "BoostBLEKit-Showcase";
			sourceTree = "<group>";
		};
		CB83BCF620ED7C6B00AA67E1 /* Frameworks */ = {
			isa = PBXGroup;
			children = (
				CB83BCF820ED7C8F00AA67E1 /* BoostBLEKit.framework */,
			);
			name = Frameworks;
			sourceTree = "<group>";
		};
/* End PBXGroup section */

/* Begin PBXNativeTarget section */
		CB83BCD920ED7AA100AA67E1 /* BoostBLEKit-Showcase */ = {
			isa = PBXNativeTarget;
			buildConfigurationList = CB83BCEA20ED7AA300AA67E1 /* Build configuration list for PBXNativeTarget "BoostBLEKit-Showcase" */;
			buildPhases = (
				CB83BCD620ED7AA100AA67E1 /* Sources */,
				CB83BCD720ED7AA100AA67E1 /* Frameworks */,
				CB83BCD820ED7AA100AA67E1 /* Resources */,
			);
			buildRules = (
			);
			dependencies = (
			);
			name = "BoostBLEKit-Showcase";
			productName = "BoostBLEKit-Showcase";
			productReference = CB83BCDA20ED7AA100AA67E1 /* BoostBLEKit-Showcase.app */;
			productType = "com.apple.product-type.application";
		};
/* End PBXNativeTarget section */

/* Begin PBXProject section */
		CB83BCD220ED7AA100AA67E1 /* Project object */ = {
			isa = PBXProject;
			attributes = {
				LastSwiftUpdateCheck = 0930;
				LastUpgradeCheck = 0930;
				ORGANIZATIONNAME = bricklife.com;
				TargetAttributes = {
					CB83BCD920ED7AA100AA67E1 = {
						CreatedOnToolsVersion = 9.3.1;
						SystemCapabilities = {
							com.apple.Sandbox = {
								enabled = 1;
							};
						};
					};
				};
			};
			buildConfigurationList = CB83BCD520ED7AA100AA67E1 /* Build configuration list for PBXProject "BoostBLEKit-Showcase" */;
			compatibilityVersion = "Xcode 9.3";
			developmentRegion = en;
			hasScannedForEncodings = 0;
			knownRegions = (
				en,
				Base,
			);
			mainGroup = CB83BCD120ED7AA100AA67E1;
			productRefGroup = CB83BCDB20ED7AA100AA67E1 /* Products */;
			projectDirPath = "";
			projectRoot = "";
			targets = (
				CB83BCD920ED7AA100AA67E1 /* BoostBLEKit-Showcase */,
			);
		};
/* End PBXProject section */

/* Begin PBXResourcesBuildPhase section */
		CB83BCD820ED7AA100AA67E1 /* Resources */ = {
			isa = PBXResourcesBuildPhase;
			buildActionMask = 2147483647;
			files = (
				CB83BCE220ED7AA300AA67E1 /* Assets.xcassets in Resources */,
				CB83BCE520ED7AA300AA67E1 /* Main.storyboard in Resources */,
			);
			runOnlyForDeploymentPostprocessing = 0;
		};
/* End PBXResourcesBuildPhase section */

/* Begin PBXSourcesBuildPhase section */
		CB83BCD620ED7AA100AA67E1 /* Sources */ = {
			isa = PBXSourcesBuildPhase;
			buildActionMask = 2147483647;
			files = (
				CB83BCFD20ED8AB300AA67E1 /* Data+HexString.swift in Sources */,
				CB83BCE020ED7AA100AA67E1 /* ViewController.swift in Sources */,
				CB83BCDE20ED7AA100AA67E1 /* AppDelegate.swift in Sources */,
			);
			runOnlyForDeploymentPostprocessing = 0;
		};
/* End PBXSourcesBuildPhase section */

/* Begin PBXVariantGroup section */
		CB83BCE320ED7AA300AA67E1 /* Main.storyboard */ = {
			isa = PBXVariantGroup;
			children = (
				CB83BCE420ED7AA300AA67E1 /* Base */,
			);
			name = Main.storyboard;
			sourceTree = "<group>";
		};
/* End PBXVariantGroup section */

/* Begin XCBuildConfiguration section */
		CB83BCE820ED7AA300AA67E1 /* Debug */ = {
			isa = XCBuildConfiguration;
			buildSettings = {
				ALWAYS_SEARCH_USER_PATHS = NO;
				CLANG_ANALYZER_NONNULL = YES;
				CLANG_ANALYZER_NUMBER_OBJECT_CONVERSION = YES_AGGRESSIVE;
				CLANG_CXX_LANGUAGE_STANDARD = "gnu++14";
				CLANG_CXX_LIBRARY = "libc++";
				CLANG_ENABLE_MODULES = YES;
				CLANG_ENABLE_OBJC_ARC = YES;
				CLANG_ENABLE_OBJC_WEAK = YES;
				CLANG_WARN_BLOCK_CAPTURE_AUTORELEASING = YES;
				CLANG_WARN_BOOL_CONVERSION = YES;
				CLANG_WARN_COMMA = YES;
				CLANG_WARN_CONSTANT_CONVERSION = YES;
				CLANG_WARN_DEPRECATED_OBJC_IMPLEMENTATIONS = YES;
				CLANG_WARN_DIRECT_OBJC_ISA_USAGE = YES_ERROR;
				CLANG_WARN_DOCUMENTATION_COMMENTS = YES;
				CLANG_WARN_EMPTY_BODY = YES;
				CLANG_WARN_ENUM_CONVERSION = YES;
				CLANG_WARN_INFINITE_RECURSION = YES;
				CLANG_WARN_INT_CONVERSION = YES;
				CLANG_WARN_NON_LITERAL_NULL_CONVERSION = YES;
				CLANG_WARN_OBJC_IMPLICIT_RETAIN_SELF = YES;
				CLANG_WARN_OBJC_LITERAL_CONVERSION = YES;
				CLANG_WARN_OBJC_ROOT_CLASS = YES_ERROR;
				CLANG_WARN_RANGE_LOOP_ANALYSIS = YES;
				CLANG_WARN_STRICT_PROTOTYPES = YES;
				CLANG_WARN_SUSPICIOUS_MOVE = YES;
				CLANG_WARN_UNGUARDED_AVAILABILITY = YES_AGGRESSIVE;
				CLANG_WARN_UNREACHABLE_CODE = YES;
				CLANG_WARN__DUPLICATE_METHOD_MATCH = YES;
				CODE_SIGN_IDENTITY = "-";
				COPY_PHASE_STRIP = NO;
				DEBUG_INFORMATION_FORMAT = dwarf;
				ENABLE_STRICT_OBJC_MSGSEND = YES;
				ENABLE_TESTABILITY = YES;
				GCC_C_LANGUAGE_STANDARD = gnu11;
				GCC_DYNAMIC_NO_PIC = NO;
				GCC_NO_COMMON_BLOCKS = YES;
				GCC_OPTIMIZATION_LEVEL = 0;
				GCC_PREPROCESSOR_DEFINITIONS = (
					"DEBUG=1",
					"$(inherited)",
				);
				GCC_WARN_64_TO_32_BIT_CONVERSION = YES;
				GCC_WARN_ABOUT_RETURN_TYPE = YES_ERROR;
				GCC_WARN_UNDECLARED_SELECTOR = YES;
				GCC_WARN_UNINITIALIZED_AUTOS = YES_AGGRESSIVE;
				GCC_WARN_UNUSED_FUNCTION = YES;
				GCC_WARN_UNUSED_VARIABLE = YES;
				MACOSX_DEPLOYMENT_TARGET = 10.13;
				MTL_ENABLE_DEBUG_INFO = YES;
				ONLY_ACTIVE_ARCH = YES;
				SDKROOT = macosx;
				SWIFT_ACTIVE_COMPILATION_CONDITIONS = DEBUG;
				SWIFT_OPTIMIZATION_LEVEL = "-Onone";
			};
			name = Debug;
		};
		CB83BCE920ED7AA300AA67E1 /* Release */ = {
			isa = XCBuildConfiguration;
			buildSettings = {
				ALWAYS_SEARCH_USER_PATHS = NO;
				CLANG_ANALYZER_NONNULL = YES;
				CLANG_ANALYZER_NUMBER_OBJECT_CONVERSION = YES_AGGRESSIVE;
				CLANG_CXX_LANGUAGE_STANDARD = "gnu++14";
				CLANG_CXX_LIBRARY = "libc++";
				CLANG_ENABLE_MODULES = YES;
				CLANG_ENABLE_OBJC_ARC = YES;
				CLANG_ENABLE_OBJC_WEAK = YES;
				CLANG_WARN_BLOCK_CAPTURE_AUTORELEASING = YES;
				CLANG_WARN_BOOL_CONVERSION = YES;
				CLANG_WARN_COMMA = YES;
				CLANG_WARN_CONSTANT_CONVERSION = YES;
				CLANG_WARN_DEPRECATED_OBJC_IMPLEMENTATIONS = YES;
				CLANG_WARN_DIRECT_OBJC_ISA_USAGE = YES_ERROR;
				CLANG_WARN_DOCUMENTATION_COMMENTS = YES;
				CLANG_WARN_EMPTY_BODY = YES;
				CLANG_WARN_ENUM_CONVERSION = YES;
				CLANG_WARN_INFINITE_RECURSION = YES;
				CLANG_WARN_INT_CONVERSION = YES;
				CLANG_WARN_NON_LITERAL_NULL_CONVERSION = YES;
				CLANG_WARN_OBJC_IMPLICIT_RETAIN_SELF = YES;
				CLANG_WARN_OBJC_LITERAL_CONVERSION = YES;
				CLANG_WARN_OBJC_ROOT_CLASS = YES_ERROR;
				CLANG_WARN_RANGE_LOOP_ANALYSIS = YES;
				CLANG_WARN_STRICT_PROTOTYPES = YES;
				CLANG_WARN_SUSPICIOUS_MOVE = YES;
				CLANG_WARN_UNGUARDED_AVAILABILITY = YES_AGGRESSIVE;
				CLANG_WARN_UNREACHABLE_CODE = YES;
				CLANG_WARN__DUPLICATE_METHOD_MATCH = YES;
				CODE_SIGN_IDENTITY = "-";
				COPY_PHASE_STRIP = NO;
				DEBUG_INFORMATION_FORMAT = "dwarf-with-dsym";
				ENABLE_NS_ASSERTIONS = NO;
				ENABLE_STRICT_OBJC_MSGSEND = YES;
				GCC_C_LANGUAGE_STANDARD = gnu11;
				GCC_NO_COMMON_BLOCKS = YES;
				GCC_WARN_64_TO_32_BIT_CONVERSION = YES;
				GCC_WARN_ABOUT_RETURN_TYPE = YES_ERROR;
				GCC_WARN_UNDECLARED_SELECTOR = YES;
				GCC_WARN_UNINITIALIZED_AUTOS = YES_AGGRESSIVE;
				GCC_WARN_UNUSED_FUNCTION = YES;
				GCC_WARN_UNUSED_VARIABLE = YES;
				MACOSX_DEPLOYMENT_TARGET = 10.13;
				MTL_ENABLE_DEBUG_INFO = NO;
				SDKROOT = macosx;
				SWIFT_COMPILATION_MODE = wholemodule;
				SWIFT_OPTIMIZATION_LEVEL = "-O";
			};
			name = Release;
		};
		CB83BCEB20ED7AA300AA67E1 /* Debug */ = {
			isa = XCBuildConfiguration;
			buildSettings = {
				ASSETCATALOG_COMPILER_APPICON_NAME = AppIcon;
				CODE_SIGN_ENTITLEMENTS = "BoostBLEKit-Showcase/BoostBLEKit-Showcase.entitlements";
				CODE_SIGN_IDENTITY = "Mac Developer";
				CODE_SIGN_STYLE = Automatic;
				COMBINE_HIDPI_IMAGES = YES;
				DEVELOPMENT_TEAM = U8J6E5ZHF2;
				INFOPLIST_FILE = "BoostBLEKit-Showcase/Info.plist";
				LD_RUNPATH_SEARCH_PATHS = (
					"$(inherited)",
					"@executable_path/../Frameworks",
				);
				PRODUCT_BUNDLE_IDENTIFIER = "com.bricklife.mac.BoostBLEKit-Showcase";
				PRODUCT_NAME = "$(TARGET_NAME)";
				PROVISIONING_PROFILE_SPECIFIER = "";
				SWIFT_VERSION = 4.0;
			};
			name = Debug;
		};
		CB83BCEC20ED7AA300AA67E1 /* Release */ = {
			isa = XCBuildConfiguration;
			buildSettings = {
				ASSETCATALOG_COMPILER_APPICON_NAME = AppIcon;
				CODE_SIGN_ENTITLEMENTS = "BoostBLEKit-Showcase/BoostBLEKit-Showcase.entitlements";
				CODE_SIGN_IDENTITY = "Mac Developer";
				CODE_SIGN_STYLE = Automatic;
				COMBINE_HIDPI_IMAGES = YES;
				DEVELOPMENT_TEAM = U8J6E5ZHF2;
				INFOPLIST_FILE = "BoostBLEKit-Showcase/Info.plist";
				LD_RUNPATH_SEARCH_PATHS = (
					"$(inherited)",
					"@executable_path/../Frameworks",
				);
				PRODUCT_BUNDLE_IDENTIFIER = "com.bricklife.mac.BoostBLEKit-Showcase";
				PRODUCT_NAME = "$(TARGET_NAME)";
				PROVISIONING_PROFILE_SPECIFIER = "";
				SWIFT_VERSION = 4.0;
			};
			name = Release;
		};
/* End XCBuildConfiguration section */

/* Begin XCConfigurationList section */
		CB83BCD520ED7AA100AA67E1 /* Build configuration list for PBXProject "BoostBLEKit-Showcase" */ = {
			isa = XCConfigurationList;
			buildConfigurations = (
				CB83BCE820ED7AA300AA67E1 /* Debug */,
				CB83BCE920ED7AA300AA67E1 /* Release */,
			);
			defaultConfigurationIsVisible = 0;
			defaultConfigurationName = Release;
		};
		CB83BCEA20ED7AA300AA67E1 /* Build configuration list for PBXNativeTarget "BoostBLEKit-Showcase" */ = {
			isa = XCConfigurationList;
			buildConfigurations = (
				CB83BCEB20ED7AA300AA67E1 /* Debug */,
				CB83BCEC20ED7AA300AA67E1 /* Release */,
			);
			defaultConfigurationIsVisible = 0;
			defaultConfigurationName = Release;
		};
/* End XCConfigurationList section */
	};
	rootObject = CB83BCD220ED7AA100AA67E1 /* Project object */;
}
